// !$*UTF8*$!
{
	archiveVersion = 1;
	classes = {
	};
	objectVersion = 50;
	objects = {

/* Begin PBXBuildFile section */
		A522D7C220AA7D87009D7236 /* AppDelegate.swift in Sources */ = {isa = PBXBuildFile; fileRef = A522D7C120AA7D87009D7236 /* AppDelegate.swift */; };
		A522D7C420AA7D87009D7236 /* ViewController.swift in Sources */ = {isa = PBXBuildFile; fileRef = A522D7C320AA7D87009D7236 /* ViewController.swift */; };
		A522D7C720AA7D87009D7236 /* Main.storyboard in Resources */ = {isa = PBXBuildFile; fileRef = A522D7C520AA7D87009D7236 /* Main.storyboard */; };
		A522D7C920AA7D89009D7236 /* Assets.xcassets in Resources */ = {isa = PBXBuildFile; fileRef = A522D7C820AA7D89009D7236 /* Assets.xcassets */; };
		A522D7CC20AA7D89009D7236 /* LaunchScreen.storyboard in Resources */ = {isa = PBXBuildFile; fileRef = A522D7CA20AA7D89009D7236 /* LaunchScreen.storyboard */; };
		A522D7D420AA854B009D7236 /* Quiz1ViewController.swift in Sources */ = {isa = PBXBuildFile; fileRef = A522D7D320AA854B009D7236 /* Quiz1ViewController.swift */; };
		A5324FD520AAB46600198E03 /* ResultViewController.swift in Sources */ = {isa = PBXBuildFile; fileRef = A5324FD420AAB46600198E03 /* ResultViewController.swift */; };
		A594B78120AAAA910066C262 /* Quiz2ViewController.swift in Sources */ = {isa = PBXBuildFile; fileRef = A594B78020AAAA910066C262 /* Quiz2ViewController.swift */; };
		A594B78320AAAE550066C262 /* Quiz3ViewController.swift in Sources */ = {isa = PBXBuildFile; fileRef = A594B78220AAAE550066C262 /* Quiz3ViewController.swift */; };
/* End PBXBuildFile section */

/* Begin PBXFileReference section */
		A522D7BE20AA7D87009D7236 /* gamePractice.app */ = {isa = PBXFileReference; explicitFileType = wrapper.application; includeInIndex = 0; path = gamePractice.app; sourceTree = BUILT_PRODUCTS_DIR; };
		A522D7C120AA7D87009D7236 /* AppDelegate.swift */ = {isa = PBXFileReference; lastKnownFileType = sourcecode.swift; path = AppDelegate.swift; sourceTree = "<group>"; };
		A522D7C320AA7D87009D7236 /* ViewController.swift */ = {isa = PBXFileReference; lastKnownFileType = sourcecode.swift; path = ViewController.swift; sourceTree = "<group>"; };
		A522D7C620AA7D87009D7236 /* Base */ = {isa = PBXFileReference; lastKnownFileType = file.storyboard; name = Base; path = Base.lproj/Main.storyboard; sourceTree = "<group>"; };
		A522D7C820AA7D89009D7236 /* Assets.xcassets */ = {isa = PBXFileReference; lastKnownFileType = folder.assetcatalog; path = Assets.xcassets; sourceTree = "<group>"; };
		A522D7CB20AA7D89009D7236 /* Base */ = {isa = PBXFileReference; lastKnownFileType = file.storyboard; name = Base; path = Base.lproj/LaunchScreen.storyboard; sourceTree = "<group>"; };
		A522D7CD20AA7D89009D7236 /* Info.plist */ = {isa = PBXFileReference; lastKnownFileType = text.plist.xml; path = Info.plist; sourceTree = "<group>"; };
		A522D7D320AA854B009D7236 /* Quiz1ViewController.swift */ = {isa = PBXFileReference; lastKnownFileType = sourcecode.swift; path = Quiz1ViewController.swift; sourceTree = "<group>"; };
		A5324FD420AAB46600198E03 /* ResultViewController.swift */ = {isa = PBXFileReference; lastKnownFileType = sourcecode.swift; path = ResultViewController.swift; sourceTree = "<group>"; };
		A594B78020AAAA910066C262 /* Quiz2ViewController.swift */ = {isa = PBXFileReference; lastKnownFileType = sourcecode.swift; path = Quiz2ViewController.swift; sourceTree = "<group>"; };
		A594B78220AAAE550066C262 /* Quiz3ViewController.swift */ = {isa = PBXFileReference; lastKnownFileType = sourcecode.swift; path = Quiz3ViewController.swift; sourceTree = "<group>"; };
/* End PBXFileReference section */

/* Begin PBXFrameworksBuildPhase section */
		A522D7BB20AA7D87009D7236 /* Frameworks */ = {
			isa = PBXFrameworksBuildPhase;
			buildActionMask = 2147483647;
			files = (
			);
			runOnlyForDeploymentPostprocessing = 0;
		};
/* End PBXFrameworksBuildPhase section */

/* Begin PBXGroup section */
		A522D7B520AA7D87009D7236 = {
			isa = PBXGroup;
			children = (
				A522D7C020AA7D87009D7236 /* gamePractice */,
				A522D7BF20AA7D87009D7236 /* Products */,
			);
			sourceTree = "<group>";
		};
		A522D7BF20AA7D87009D7236 /* Products */ = {
			isa = PBXGroup;
			children = (
				A522D7BE20AA7D87009D7236 /* gamePractice.app */,
			);
			name = Products;
			sourceTree = "<group>";
		};
		A522D7C020AA7D87009D7236 /* gamePractice */ = {
			isa = PBXGroup;
			children = (
				A522D7C120AA7D87009D7236 /* AppDelegate.swift */,
				A522D7C320AA7D87009D7236 /* ViewController.swift */,
				A522D7C520AA7D87009D7236 /* Main.storyboard */,
				A522D7D320AA854B009D7236 /* Quiz1ViewController.swift */,
				A594B78020AAAA910066C262 /* Quiz2ViewController.swift */,
				A594B78220AAAE550066C262 /* Quiz3ViewController.swift */,
				A5324FD420AAB46600198E03 /* ResultViewController.swift */,
				A522D7C820AA7D89009D7236 /* Assets.xcassets */,
				A522D7CA20AA7D89009D7236 /* LaunchScreen.storyboard */,
				A522D7CD20AA7D89009D7236 /* Info.plist */,
			);
			path = gamePractice;
			sourceTree = "<group>";
		};
/* End PBXGroup section */

/* Begin PBXNativeTarget section */
		A522D7BD20AA7D87009D7236 /* gamePractice */ = {
			isa = PBXNativeTarget;
			buildConfigurationList = A522D7D020AA7D89009D7236 /* Build configuration list for PBXNativeTarget "gamePractice" */;
			buildPhases = (
				A522D7BA20AA7D87009D7236 /* Sources */,
				A522D7BB20AA7D87009D7236 /* Frameworks */,
				A522D7BC20AA7D87009D7236 /* Resources */,
			);
			buildRules = (
			);
			dependencies = (
			);
			name = gamePractice;
			productName = gamePractice;
			productReference = A522D7BE20AA7D87009D7236 /* gamePractice.app */;
			productType = "com.apple.product-type.application";
		};
/* End PBXNativeTarget section */

/* Begin PBXProject section */
		A522D7B620AA7D87009D7236 /* Project object */ = {
			isa = PBXProject;
			attributes = {
				LastSwiftUpdateCheck = 0930;
				LastUpgradeCheck = 0930;
				ORGANIZATIONNAME = Morris;
				TargetAttributes = {
					A522D7BD20AA7D87009D7236 = {
						CreatedOnToolsVersion = 9.3.1;
					};
				};
			};
			buildConfigurationList = A522D7B920AA7D87009D7236 /* Build configuration list for PBXProject "gamePractice" */;
			compatibilityVersion = "Xcode 9.3";
			developmentRegion = en;
			hasScannedForEncodings = 0;
			knownRegions = (
				en,
				Base,
			);
			mainGroup = A522D7B520AA7D87009D7236;
			productRefGroup = A522D7BF20AA7D87009D7236 /* Products */;
			projectDirPath = "";
			projectRoot = "";
			targets = (
				A522D7BD20AA7D87009D7236 /* gamePractice */,
			);
		};
/* End PBXProject section */

/* Begin PBXResourcesBuildPhase section */
		A522D7BC20AA7D87009D7236 /* Resources */ = {
			isa = PBXResourcesBuildPhase;
			buildActionMask = 2147483647;
			files = (
				A522D7CC20AA7D89009D7236 /* LaunchScreen.storyboard in Resources */,
				A522D7C920AA7D89009D7236 /* Assets.xcassets in Resources */,
				A522D7C720AA7D87009D7236 /* Main.storyboard in Resources */,
			);
			runOnlyForDeploymentPostprocessing = 0;
		};
/* End PBXResourcesBuildPhase section */

/* Begin PBXSourcesBuildPhase section */
		A522D7BA20AA7D87009D7236 /* Sources */ = {
			isa = PBXSourcesBuildPhase;
			buildActionMask = 2147483647;
			files = (
				A522D7C420AA7D87009D7236 /* ViewController.swift in Sources */,
				A522D7D420AA854B009D7236 /* Quiz1ViewController.swift in Sources */,
				A5324FD520AAB46600198E03 /* ResultViewController.swift in Sources */,
				A522D7C220AA7D87009D7236 /* AppDelegate.swift in Sources */,
				A594B78320AAAE550066C262 /* Quiz3ViewController.swift in Sources */,
				A594B78120AAAA910066C262 /* Quiz2ViewController.swift in Sources */,
			);
			runOnlyForDeploymentPostprocessing = 0;
		};
/* End PBXSourcesBuildPhase section */

/* Begin PBXVariantGroup section */
		A522D7C520AA7D87009D7236 /* Main.storyboard */ = {
			isa = PBXVariantGroup;
			children = (
				A522D7C620AA7D87009D7236 /* Base */,
			);
			name = Main.storyboard;
			sourceTree = "<group>";
		};
		A522D7CA20AA7D89009D7236 /* LaunchScreen.storyboard */ = {
			isa = PBXVariantGroup;
			children = (
				A522D7CB20AA7D89009D7236 /* Base */,
			);
			name = LaunchScreen.storyboard;
			sourceTree = "<group>";
		};
/* End PBXVariantGroup section */

/* Begin XCBuildConfiguration section */
		A522D7CE20AA7D89009D7236 /* Debug */ = {
			isa = XCBuildConfiguration;
			buildSettings = {
				ALWAYS_SEARCH_USER_PATHS = NO;
				CLANG_ANALYZER_NONNULL = YES;
				CLANG_ANALYZER_NUMBER_OBJECT_CONVERSION = YES_AGGRESSIVE;
				CLANG_CXX_LANGUAGE_STANDARD = "gnu++14";
				CLANG_CXX_LIBRARY = "libc++";
				CLANG_ENABLE_MODULES = YES;
				CLANG_ENABLE_OBJC_ARC = YES;
				CLANG_ENABLE_OBJC_WEAK = YES;
				CLANG_WARN_BLOCK_CAPTURE_AUTORELEASING = YES;
				CLANG_WARN_BOOL_CONVERSION = YES;
				CLANG_WARN_COMMA = YES;
				CLANG_WARN_CONSTANT_CONVERSION = YES;
				CLANG_WARN_DEPRECATED_OBJC_IMPLEMENTATIONS = YES;
				CLANG_WARN_DIRECT_OBJC_ISA_USAGE = YES_ERROR;
				CLANG_WARN_DOCUMENTATION_COMMENTS = YES;
				CLANG_WARN_EMPTY_BODY = YES;
				CLANG_WARN_ENUM_CONVERSION = YES;
				CLANG_WARN_INFINITE_RECURSION = YES;
				CLANG_WARN_INT_CONVERSION = YES;
				CLANG_WARN_NON_LITERAL_NULL_CONVERSION = YES;
				CLANG_WARN_OBJC_IMPLICIT_RETAIN_SELF = YES;
				CLANG_WARN_OBJC_LITERAL_CONVERSION = YES;
				CLANG_WARN_OBJC_ROOT_CLASS = YES_ERROR;
				CLANG_WARN_RANGE_LOOP_ANALYSIS = YES;
				CLANG_WARN_STRICT_PROTOTYPES = YES;
				CLANG_WARN_SUSPICIOUS_MOVE = YES;
				CLANG_WARN_UNGUARDED_AVAILABILITY = YES_AGGRESSIVE;
				CLANG_WARN_UNREACHABLE_CODE = YES;
				CLANG_WARN__DUPLICATE_METHOD_MATCH = YES;
				CODE_SIGN_IDENTITY = "iPhone Developer";
				COPY_PHASE_STRIP = NO;
				DEBUG_INFORMATION_FORMAT = dwarf;
				ENABLE_STRICT_OBJC_MSGSEND = YES;
				ENABLE_TESTABILITY = YES;
				GCC_C_LANGUAGE_STANDARD = gnu11;
				GCC_DYNAMIC_NO_PIC = NO;
				GCC_NO_COMMON_BLOCKS = YES;
				GCC_OPTIMIZATION_LEVEL = 0;
				GCC_PREPROCESSOR_DEFINITIONS = (
					"DEBUG=1",
					"$(inherited)",
				);
				GCC_WARN_64_TO_32_BIT_CONVERSION = YES;
				GCC_WARN_ABOUT_RETURN_TYPE = YES_ERROR;
				GCC_WARN_UNDECLARED_SELECTOR = YES;
				GCC_WARN_UNINITIALIZED_AUTOS = YES_AGGRESSIVE;
				GCC_WARN_UNUSED_FUNCTION = YES;
				GCC_WARN_UNUSED_VARIABLE = YES;
				IPHONEOS_DEPLOYMENT_TARGET = 11.3;
				MTL_ENABLE_DEBUG_INFO = YES;
				ONLY_ACTIVE_ARCH = YES;
				SDKROOT = iphoneos;
				SWIFT_ACTIVE_COMPILATION_CONDITIONS = DEBUG;
				SWIFT_OPTIMIZATION_LEVEL = "-Onone";
			};
			name = Debug;
		};
		A522D7CF20AA7D89009D7236 /* Release */ = {
			isa = XCBuildConfiguration;
			buildSettings = {
				ALWAYS_SEARCH_USER_PATHS = NO;
				CLANG_ANALYZER_NONNULL = YES;
				CLANG_ANALYZER_NUMBER_OBJECT_CONVERSION = YES_AGGRESSIVE;
				CLANG_CXX_LANGUAGE_STANDARD = "gnu++14";
				CLANG_CXX_LIBRARY = "libc++";
				CLANG_ENABLE_MODULES = YES;
				CLANG_ENABLE_OBJC_ARC = YES;
				CLANG_ENABLE_OBJC_WEAK = YES;
				CLANG_WARN_BLOCK_CAPTURE_AUTORELEASING = YES;
				CLANG_WARN_BOOL_CONVERSION = YES;
				CLANG_WARN_COMMA = YES;
				CLANG_WARN_CONSTANT_CONVERSION = YES;
				CLANG_WARN_DEPRECATED_OBJC_IMPLEMENTATIONS = YES;
				CLANG_WARN_DIRECT_OBJC_ISA_USAGE = YES_ERROR;
				CLANG_WARN_DOCUMENTATION_COMMENTS = YES;
				CLANG_WARN_EMPTY_BODY = YES;
				CLANG_WARN_ENUM_CONVERSION = YES;
				CLANG_WARN_INFINITE_RECURSION = YES;
				CLANG_WARN_INT_CONVERSION = YES;
				CLANG_WARN_NON_LITERAL_NULL_CONVERSION = YES;
				CLANG_WARN_OBJC_IMPLICIT_RETAIN_SELF = YES;
				CLANG_WARN_OBJC_LITERAL_CONVERSION = YES;
				CLANG_WARN_OBJC_ROOT_CLASS = YES_ERROR;
				CLANG_WARN_RANGE_LOOP_ANALYSIS = YES;
				CLANG_WARN_STRICT_PROTOTYPES = YES;
				CLANG_WARN_SUSPICIOUS_MOVE = YES;
				CLANG_WARN_UNGUARDED_AVAILABILITY = YES_AGGRESSIVE;
				CLANG_WARN_UNREACHABLE_CODE = YES;
				CLANG_WARN__DUPLICATE_METHOD_MATCH = YES;
				CODE_SIGN_IDENTITY = "iPhone Developer";
				COPY_PHASE_STRIP = NO;
				DEBUG_INFORMATION_FORMAT = "dwarf-with-dsym";
				ENABLE_NS_ASSERTIONS = NO;
				ENABLE_STRICT_OBJC_MSGSEND = YES;
				GCC_C_LANGUAGE_STANDARD = gnu11;
				GCC_NO_COMMON_BLOCKS = YES;
				GCC_WARN_64_TO_32_BIT_CONVERSION = YES;
				GCC_WARN_ABOUT_RETURN_TYPE = YES_ERROR;
				GCC_WARN_UNDECLARED_SELECTOR = YES;
				GCC_WARN_UNINITIALIZED_AUTOS = YES_AGGRESSIVE;
				GCC_WARN_UNUSED_FUNCTION = YES;
				GCC_WARN_UNUSED_VARIABLE = YES;
				IPHONEOS_DEPLOYMENT_TARGET = 11.3;
				MTL_ENABLE_DEBUG_INFO = NO;
				SDKROOT = iphoneos;
				SWIFT_COMPILATION_MODE = wholemodule;
				SWIFT_OPTIMIZATION_LEVEL = "-O";
				VALIDATE_PRODUCT = YES;
			};
			name = Release;
		};
		A522D7D120AA7D89009D7236 /* Debug */ = {
			isa = XCBuildConfiguration;
			buildSettings = {
				ASSETCATALOG_COMPILER_APPICON_NAME = AppIcon;
				CODE_SIGN_STYLE = Automatic;
				DEVELOPMENT_TEAM = W7LY8NA626;
				INFOPLIST_FILE = gamePractice/Info.plist;
				LD_RUNPATH_SEARCH_PATHS = (
					"$(inherited)",
					"@executable_path/Frameworks",
				);
				PRODUCT_BUNDLE_IDENTIFIER = com.morrislwt.gamePractice;
				PRODUCT_NAME = "$(TARGET_NAME)";
				SWIFT_VERSION = 4.0;
				TARGETED_DEVICE_FAMILY = "1,2";
			};
			name = Debug;
		};
		A522D7D220AA7D89009D7236 /* Release */ = {
			isa = XCBuildConfiguration;
			buildSettings = {
				ASSETCATALOG_COMPILER_APPICON_NAME = AppIcon;
				CODE_SIGN_STYLE = Automatic;
				DEVELOPMENT_TEAM = W7LY8NA626;
				INFOPLIST_FILE = gamePractice/Info.plist;
				LD_RUNPATH_SEARCH_PATHS = (
					"$(inherited)",
					"@executable_path/Frameworks",
				);
				PRODUCT_BUNDLE_IDENTIFIER = com.morrislwt.gamePractice;
				PRODUCT_NAME = "$(TARGET_NAME)";
				SWIFT_VERSION = 4.0;
				TARGETED_DEVICE_FAMILY = "1,2";
			};
			name = Release;
		};
/* End XCBuildConfiguration section */

/* Begin XCConfigurationList section */
		A522D7B920AA7D87009D7236 /* Build configuration list for PBXProject "gamePractice" */ = {
			isa = XCConfigurationList;
			buildConfigurations = (
				A522D7CE20AA7D89009D7236 /* Debug */,
				A522D7CF20AA7D89009D7236 /* Release */,
			);
			defaultConfigurationIsVisible = 0;
			defaultConfigurationName = Release;
		};
		A522D7D020AA7D89009D7236 /* Build configuration list for PBXNativeTarget "gamePractice" */ = {
			isa = XCConfigurationList;
			buildConfigurations = (
				A522D7D120AA7D89009D7236 /* Debug */,
				A522D7D220AA7D89009D7236 /* Release */,
			);
			defaultConfigurationIsVisible = 0;
			defaultConfigurationName = Release;
		};
/* End XCConfigurationList section */
	};
	rootObject = A522D7B620AA7D87009D7236 /* Project object */;
}
